
Microsoft Visual Studio Solution File, Format Version 12.00
# Visual Studio Version 17
VisualStudioVersion = 17.0.31903.59
MinimumVisualStudioVersion = 10.0.40219.1
Project("{2150E333-8FDC-42A3-9474-1A3956D46DE8}") = "src", "src", "{FBC23124-16A4-49BE-ADF9-EC2CD5B04FD1}"
EndProject
Project("{FAE04EC0-301F-11D3-BF4B-00C04F79EFBC}") = "AuctionService", "src\AuctionService\AuctionService.csproj", "{E19A4C63-B79E-4DEF-B3CA-2CC94E3A5CF7}"
EndProject
Project("{FAE04EC0-301F-11D3-BF4B-00C04F79EFBC}") = "SearchService", "src\SearchService\SearchService.csproj", "{4931C968-A0BC-409C-A5D5-512C187CACE4}"
EndProject
Global
	GlobalSection(SolutionConfigurationPlatforms) = preSolution
		Debug|Any CPU = Debug|Any CPU
		Release|Any CPU = Release|Any CPU
	EndGlobalSection
	GlobalSection(SolutionProperties) = preSolution
		HideSolutionNode = FALSE
	EndGlobalSection
	GlobalSection(ProjectConfigurationPlatforms) = postSolution
		{E19A4C63-B79E-4DEF-B3CA-2CC94E3A5CF7}.Debug|Any CPU.ActiveCfg = Debug|Any CPU
		{E19A4C63-B79E-4DEF-B3CA-2CC94E3A5CF7}.Debug|Any CPU.Build.0 = Debug|Any CPU
		{E19A4C63-B79E-4DEF-B3CA-2CC94E3A5CF7}.Release|Any CPU.ActiveCfg = Release|Any CPU
		{E19A4C63-B79E-4DEF-B3CA-2CC94E3A5CF7}.Release|Any CPU.Build.0 = Release|Any CPU
		{4931C968-A0BC-409C-A5D5-512C187CACE4}.Debug|Any CPU.ActiveCfg = Debug|Any CPU
		{4931C968-A0BC-409C-A5D5-512C187CACE4}.Debug|Any CPU.Build.0 = Debug|Any CPU
		{4931C968-A0BC-409C-A5D5-512C187CACE4}.Release|Any CPU.ActiveCfg = Release|Any CPU
		{4931C968-A0BC-409C-A5D5-512C187CACE4}.Release|Any CPU.Build.0 = Release|Any CPU
	EndGlobalSection
	GlobalSection(NestedProjects) = preSolution
		{E19A4C63-B79E-4DEF-B3CA-2CC94E3A5CF7} = {FBC23124-16A4-49BE-ADF9-EC2CD5B04FD1}
		{4931C968-A0BC-409C-A5D5-512C187CACE4} = {FBC23124-16A4-49BE-ADF9-EC2CD5B04FD1}
	EndGlobalSection
EndGlobal
